
Microsoft Visual Studio Solution File, Format Version 12.00
# Visual Studio Version 16
VisualStudioVersion = 16.0.30802.185
MinimumVisualStudioVersion = 15.0.26124.0
Project("{9A19103F-16F7-4668-BE54-9A1E7A4F7556}") = "Domain", "Domain\Domain.csproj", "{157FFB8D-571F-45FE-B3A0-E974A19ADBE7}"
EndProject
Project("{9A19103F-16F7-4668-BE54-9A1E7A4F7556}") = "Application", "Application\Application.csproj", "{9490FC9A-CD6C-4AA9-97D5-E06F23B0F882}"
EndProject
Project("{9A19103F-16F7-4668-BE54-9A1E7A4F7556}") = "Persistence", "Persistence\Persistence.csproj", "{FA31D7F8-4ACD-4863-B0AE-C48453C24872}"
EndProject
Project("{9A19103F-16F7-4668-BE54-9A1E7A4F7556}") = "Api", "Api\Api.csproj", "{15A4FDBE-5402-48E8-AE00-6EA5124B3DC1}"
EndProject
Global
	GlobalSection(SolutionConfigurationPlatforms) = preSolution
		Debug|Any CPU = Debug|Any CPU
		Debug|x64 = Debug|x64
		Debug|x86 = Debug|x86
		Release|Any CPU = Release|Any CPU
		Release|x64 = Release|x64
		Release|x86 = Release|x86
	EndGlobalSection
	GlobalSection(ProjectConfigurationPlatforms) = postSolution
		{157FFB8D-571F-45FE-B3A0-E974A19ADBE7}.Debug|Any CPU.ActiveCfg = Debug|Any CPU
		{157FFB8D-571F-45FE-B3A0-E974A19ADBE7}.Debug|Any CPU.Build.0 = Debug|Any CPU
		{157FFB8D-571F-45FE-B3A0-E974A19ADBE7}.Debug|x64.ActiveCfg = Debug|Any CPU
		{157FFB8D-571F-45FE-B3A0-E974A19ADBE7}.Debug|x64.Build.0 = Debug|Any CPU
		{157FFB8D-571F-45FE-B3A0-E974A19ADBE7}.Debug|x86.ActiveCfg = Debug|Any CPU
		{157FFB8D-571F-45FE-B3A0-E974A19ADBE7}.Debug|x86.Build.0 = Debug|Any CPU
		{157FFB8D-571F-45FE-B3A0-E974A19ADBE7}.Release|Any CPU.ActiveCfg = Release|Any CPU
		{157FFB8D-571F-45FE-B3A0-E974A19ADBE7}.Release|Any CPU.Build.0 = Release|Any CPU
		{157FFB8D-571F-45FE-B3A0-E974A19ADBE7}.Release|x64.ActiveCfg = Release|Any CPU
		{157FFB8D-571F-45FE-B3A0-E974A19ADBE7}.Release|x64.Build.0 = Release|Any CPU
		{157FFB8D-571F-45FE-B3A0-E974A19ADBE7}.Release|x86.ActiveCfg = Release|Any CPU
		{157FFB8D-571F-45FE-B3A0-E974A19ADBE7}.Release|x86.Build.0 = Release|Any CPU
		{9490FC9A-CD6C-4AA9-97D5-E06F23B0F882}.Debug|Any CPU.ActiveCfg = Debug|Any CPU
		{9490FC9A-CD6C-4AA9-97D5-E06F23B0F882}.Debug|Any CPU.Build.0 = Debug|Any CPU
		{9490FC9A-CD6C-4AA9-97D5-E06F23B0F882}.Debug|x64.ActiveCfg = Debug|Any CPU
		{9490FC9A-CD6C-4AA9-97D5-E06F23B0F882}.Debug|x64.Build.0 = Debug|Any CPU
		{9490FC9A-CD6C-4AA9-97D5-E06F23B0F882}.Debug|x86.ActiveCfg = Debug|Any CPU
		{9490FC9A-CD6C-4AA9-97D5-E06F23B0F882}.Debug|x86.Build.0 = Debug|Any CPU
		{9490FC9A-CD6C-4AA9-97D5-E06F23B0F882}.Release|Any CPU.ActiveCfg = Release|Any CPU
		{9490FC9A-CD6C-4AA9-97D5-E06F23B0F882}.Release|Any CPU.Build.0 = Release|Any CPU
		{9490FC9A-CD6C-4AA9-97D5-E06F23B0F882}.Release|x64.ActiveCfg = Release|Any CPU
		{9490FC9A-CD6C-4AA9-97D5-E06F23B0F882}.Release|x64.Build.0 = Release|Any CPU
		{9490FC9A-CD6C-4AA9-97D5-E06F23B0F882}.Release|x86.ActiveCfg = Release|Any CPU
		{9490FC9A-CD6C-4AA9-97D5-E06F23B0F882}.Release|x86.Build.0 = Release|Any CPU
		{FA31D7F8-4ACD-4863-B0AE-C48453C24872}.Debug|Any CPU.ActiveCfg = Debug|Any CPU
		{FA31D7F8-4ACD-4863-B0AE-C48453C24872}.Debug|Any CPU.Build.0 = Debug|Any CPU
		{FA31D7F8-4ACD-4863-B0AE-C48453C24872}.Debug|x64.ActiveCfg = Debug|Any CPU
		{FA31D7F8-4ACD-4863-B0AE-C48453C24872}.Debug|x64.Build.0 = Debug|Any CPU
		{FA31D7F8-4ACD-4863-B0AE-C48453C24872}.Debug|x86.ActiveCfg = Debug|Any CPU
		{FA31D7F8-4ACD-4863-B0AE-C48453C24872}.Debug|x86.Build.0 = Debug|Any CPU
		{FA31D7F8-4ACD-4863-B0AE-C48453C24872}.Release|Any CPU.ActiveCfg = Release|Any CPU
		{FA31D7F8-4ACD-4863-B0AE-C48453C24872}.Release|Any CPU.Build.0 = Release|Any CPU
		{FA31D7F8-4ACD-4863-B0AE-C48453C24872}.Release|x64.ActiveCfg = Release|Any CPU
		{FA31D7F8-4ACD-4863-B0AE-C48453C24872}.Release|x64.Build.0 = Release|Any CPU
		{FA31D7F8-4ACD-4863-B0AE-C48453C24872}.Release|x86.ActiveCfg = Release|Any CPU
		{FA31D7F8-4ACD-4863-B0AE-C48453C24872}.Release|x86.Build.0 = Release|Any CPU
		{15A4FDBE-5402-48E8-AE00-6EA5124B3DC1}.Debug|Any CPU.ActiveCfg = Debug|Any CPU
		{15A4FDBE-5402-48E8-AE00-6EA5124B3DC1}.Debug|Any CPU.Build.0 = Debug|Any CPU
		{15A4FDBE-5402-48E8-AE00-6EA5124B3DC1}.Debug|x64.ActiveCfg = Debug|Any CPU
		{15A4FDBE-5402-48E8-AE00-6EA5124B3DC1}.Debug|x64.Build.0 = Debug|Any CPU
		{15A4FDBE-5402-48E8-AE00-6EA5124B3DC1}.Debug|x86.ActiveCfg = Debug|Any CPU
		{15A4FDBE-5402-48E8-AE00-6EA5124B3DC1}.Debug|x86.Build.0 = Debug|Any CPU
		{15A4FDBE-5402-48E8-AE00-6EA5124B3DC1}.Release|Any CPU.ActiveCfg = Release|Any CPU
		{15A4FDBE-5402-48E8-AE00-6EA5124B3DC1}.Release|Any CPU.Build.0 = Release|Any CPU
		{15A4FDBE-5402-48E8-AE00-6EA5124B3DC1}.Release|x64.ActiveCfg = Release|Any CPU
		{15A4FDBE-5402-48E8-AE00-6EA5124B3DC1}.Release|x64.Build.0 = Release|Any CPU
		{15A4FDBE-5402-48E8-AE00-6EA5124B3DC1}.Release|x86.ActiveCfg = Release|Any CPU
		{15A4FDBE-5402-48E8-AE00-6EA5124B3DC1}.Release|x86.Build.0 = Release|Any CPU
	EndGlobalSection
	GlobalSection(SolutionProperties) = preSolution
		HideSolutionNode = FALSE
	EndGlobalSection
	GlobalSection(ExtensibilityGlobals) = postSolution
		SolutionGuid = {64B00C43-5923-40DE-A57E-CE334E26DB3C}
	EndGlobalSection
EndGlobal
